
Microsoft Visual Studio Solution File, Format Version 12.00
# Visual Studio Version 16
VisualStudioVersion = 16.0.30011.22
MinimumVisualStudioVersion = 10.0.40219.1
Project("{F2A71F9B-5D33-465A-A702-920D77279786}") = "StylishFSharp", "StylishFSharp\StylishFSharp.fsproj", "{CDDC05DC-9CD0-43FB-8AEB-563A667966AB}"
EndProject
Project("{F2A71F9B-5D33-465A-A702-920D77279786}") = "StylishFSharp.Tests", "StylishFSharp.Tests\StylishFSharp.Tests.fsproj", "{8DA01789-F4DB-4561-9BD5-A742A4DD595E}"
EndProject
Global
	GlobalSection(SolutionConfigurationPlatforms) = preSolution
		Debug|Any CPU = Debug|Any CPU
		Release|Any CPU = Release|Any CPU
	EndGlobalSection
	GlobalSection(ProjectConfigurationPlatforms) = postSolution
		{CDDC05DC-9CD0-43FB-8AEB-563A667966AB}.Debug|Any CPU.ActiveCfg = Debug|Any CPU
		{CDDC05DC-9CD0-43FB-8AEB-563A667966AB}.Debug|Any CPU.Build.0 = Debug|Any CPU
		{CDDC05DC-9CD0-43FB-8AEB-563A667966AB}.Release|Any CPU.ActiveCfg = Release|Any CPU
		{CDDC05DC-9CD0-43FB-8AEB-563A667966AB}.Release|Any CPU.Build.0 = Release|Any CPU
		{8DA01789-F4DB-4561-9BD5-A742A4DD595E}.Debug|Any CPU.ActiveCfg = Debug|Any CPU
		{8DA01789-F4DB-4561-9BD5-A742A4DD595E}.Debug|Any CPU.Build.0 = Debug|Any CPU
		{8DA01789-F4DB-4561-9BD5-A742A4DD595E}.Release|Any CPU.ActiveCfg = Release|Any CPU
		{8DA01789-F4DB-4561-9BD5-A742A4DD595E}.Release|Any CPU.Build.0 = Release|Any CPU
	EndGlobalSection
	GlobalSection(SolutionProperties) = preSolution
		HideSolutionNode = FALSE
	EndGlobalSection
	GlobalSection(ExtensibilityGlobals) = postSolution
		SolutionGuid = {E2892EBD-7640-410B-B7C5-844A3C5646E8}
	EndGlobalSection
EndGlobal
